
Microsoft Visual Studio Solution File, Format Version 12.00
# Visual Studio Version 17
VisualStudioVersion = 17.14.36429.23 d17.14
MinimumVisualStudioVersion = 10.0.40219.1
Project("{FAE04EC0-301F-11D3-BF4B-00C04F79EFBC}") = "19.18", "19.18\19.18.csproj", "{DAA6F5B5-9D00-430E-8D4A-B2C03C237EB2}"
EndProject
Global
	GlobalSection(SolutionConfigurationPlatforms) = preSolution
		Debug|Any CPU = Debug|Any CPU
		Release|Any CPU = Release|Any CPU
	EndGlobalSection
	GlobalSection(ProjectConfigurationPlatforms) = postSolution
		{DAA6F5B5-9D00-430E-8D4A-B2C03C237EB2}.Debug|Any CPU.ActiveCfg = Debug|Any CPU
		{DAA6F5B5-9D00-430E-8D4A-B2C03C237EB2}.Debug|Any CPU.Build.0 = Debug|Any CPU
		{DAA6F5B5-9D00-430E-8D4A-B2C03C237EB2}.Release|Any CPU.ActiveCfg = Release|Any CPU
		{DAA6F5B5-9D00-430E-8D4A-B2C03C237EB2}.Release|Any CPU.Build.0 = Release|Any CPU
	EndGlobalSection
	GlobalSection(SolutionProperties) = preSolution
		HideSolutionNode = FALSE
	EndGlobalSection
	GlobalSection(ExtensibilityGlobals) = postSolution
		SolutionGuid = {6F7F0744-F4D6-4D9E-876B-361A7F8DD172}
	EndGlobalSection
EndGlobal
